// !$*UTF8*$!
{
	archiveVersion = 1;
	classes = {
	};
	objectVersion = 51;
	objects = {

/* Begin PBXBuildFile section */
		1F2C249324639B060089BF0C /* AppDelegate.swift in Sources */ = {isa = PBXBuildFile; fileRef = 1F2C249224639B060089BF0C /* AppDelegate.swift */; };
		1F2C249524639B060089BF0C /* SceneDelegate.swift in Sources */ = {isa = PBXBuildFile; fileRef = 1F2C249424639B060089BF0C /* SceneDelegate.swift */; };
		1F2C249A24639B060089BF0C /* Main.storyboard in Resources */ = {isa = PBXBuildFile; fileRef = 1F2C249824639B060089BF0C /* Main.storyboard */; };
		1F2C249C24639B0A0089BF0C /* Assets.xcassets in Resources */ = {isa = PBXBuildFile; fileRef = 1F2C249B24639B0A0089BF0C /* Assets.xcassets */; };
		1F2C249F24639B0A0089BF0C /* LaunchScreen.storyboard in Resources */ = {isa = PBXBuildFile; fileRef = 1F2C249D24639B0A0089BF0C /* LaunchScreen.storyboard */; };
		1F2C24A924639B990089BF0C /* HomeViewController.swift in Sources */ = {isa = PBXBuildFile; fileRef = 1F2C24A724639B990089BF0C /* HomeViewController.swift */; };
		1F2C24AA24639B990089BF0C /* HomeViewController.xib in Resources */ = {isa = PBXBuildFile; fileRef = 1F2C24A824639B990089BF0C /* HomeViewController.xib */; };
		1F2C24AD2463A16A0089BF0C /* HomeMainView.swift in Sources */ = {isa = PBXBuildFile; fileRef = 1F2C24AB2463A16A0089BF0C /* HomeMainView.swift */; };
		1F2C24AE2463A16A0089BF0C /* HomeMainView.xib in Resources */ = {isa = PBXBuildFile; fileRef = 1F2C24AC2463A16A0089BF0C /* HomeMainView.xib */; };
		1F2C24B12463A1FA0089BF0C /* HomeTableViewCell.swift in Sources */ = {isa = PBXBuildFile; fileRef = 1F2C24AF2463A1FA0089BF0C /* HomeTableViewCell.swift */; };
		1F2C24B22463A1FA0089BF0C /* HomeTableViewCell.xib in Resources */ = {isa = PBXBuildFile; fileRef = 1F2C24B02463A1FA0089BF0C /* HomeTableViewCell.xib */; };
		1F2C24B62463A6C50089BF0C /* PostViewController.swift in Sources */ = {isa = PBXBuildFile; fileRef = 1F2C24B42463A6C50089BF0C /* PostViewController.swift */; };
		1F2C24B72463A6C50089BF0C /* PostViewController.xib in Resources */ = {isa = PBXBuildFile; fileRef = 1F2C24B52463A6C50089BF0C /* PostViewController.xib */; };
		1F2C24BA2463A8DC0089BF0C /* PostMainView.swift in Sources */ = {isa = PBXBuildFile; fileRef = 1F2C24B82463A8DC0089BF0C /* PostMainView.swift */; };
		1F2C24BB2463A8DC0089BF0C /* PostMainView.xib in Resources */ = {isa = PBXBuildFile; fileRef = 1F2C24B92463A8DC0089BF0C /* PostMainView.xib */; };
		1F2C24BF2463AD7D0089BF0C /* NewPostViewController.swift in Sources */ = {isa = PBXBuildFile; fileRef = 1F2C24BD2463AD7D0089BF0C /* NewPostViewController.swift */; };
		1F2C24C02463AD7D0089BF0C /* NewPostViewController.xib in Resources */ = {isa = PBXBuildFile; fileRef = 1F2C24BE2463AD7D0089BF0C /* NewPostViewController.xib */; };
		1F2C24C32463C08E0089BF0C /* NewPostMainView.swift in Sources */ = {isa = PBXBuildFile; fileRef = 1F2C24C12463C08E0089BF0C /* NewPostMainView.swift */; };
		1F2C24C42463C08E0089BF0C /* NewPostMainView.xib in Resources */ = {isa = PBXBuildFile; fileRef = 1F2C24C22463C08E0089BF0C /* NewPostMainView.xib */; };
		2E9FF20E50A0E196F2C325CD /* Pods_Instageam4.framework in Frameworks */ = {isa = PBXBuildFile; fileRef = 412B387E8ED95BBA0CFC51C3 /* Pods_Instageam4.framework */; };
/* End PBXBuildFile section */

/* Begin PBXFileReference section */
		1F2C248F24639B060089BF0C /* Instageam4.app */ = {isa = PBXFileReference; explicitFileType = wrapper.application; includeInIndex = 0; path = Instageam4.app; sourceTree = BUILT_PRODUCTS_DIR; };
		1F2C249224639B060089BF0C /* AppDelegate.swift */ = {isa = PBXFileReference; lastKnownFileType = sourcecode.swift; path = AppDelegate.swift; sourceTree = "<group>"; };
		1F2C249424639B060089BF0C /* SceneDelegate.swift */ = {isa = PBXFileReference; lastKnownFileType = sourcecode.swift; path = SceneDelegate.swift; sourceTree = "<group>"; };
		1F2C249924639B060089BF0C /* Base */ = {isa = PBXFileReference; lastKnownFileType = file.storyboard; name = Base; path = Base.lproj/Main.storyboard; sourceTree = "<group>"; };
		1F2C249B24639B0A0089BF0C /* Assets.xcassets */ = {isa = PBXFileReference; lastKnownFileType = folder.assetcatalog; path = Assets.xcassets; sourceTree = "<group>"; };
		1F2C249E24639B0A0089BF0C /* Base */ = {isa = PBXFileReference; lastKnownFileType = file.storyboard; name = Base; path = Base.lproj/LaunchScreen.storyboard; sourceTree = "<group>"; };
		1F2C24A024639B0A0089BF0C /* Info.plist */ = {isa = PBXFileReference; lastKnownFileType = text.plist.xml; path = Info.plist; sourceTree = "<group>"; };
		1F2C24A724639B990089BF0C /* HomeViewController.swift */ = {isa = PBXFileReference; lastKnownFileType = sourcecode.swift; path = HomeViewController.swift; sourceTree = "<group>"; };
		1F2C24A824639B990089BF0C /* HomeViewController.xib */ = {isa = PBXFileReference; lastKnownFileType = file.xib; path = HomeViewController.xib; sourceTree = "<group>"; };
		1F2C24AB2463A16A0089BF0C /* HomeMainView.swift */ = {isa = PBXFileReference; lastKnownFileType = sourcecode.swift; path = HomeMainView.swift; sourceTree = "<group>"; };
		1F2C24AC2463A16A0089BF0C /* HomeMainView.xib */ = {isa = PBXFileReference; lastKnownFileType = file.xib; path = HomeMainView.xib; sourceTree = "<group>"; };
		1F2C24AF2463A1FA0089BF0C /* HomeTableViewCell.swift */ = {isa = PBXFileReference; lastKnownFileType = sourcecode.swift; path = HomeTableViewCell.swift; sourceTree = "<group>"; };
		1F2C24B02463A1FA0089BF0C /* HomeTableViewCell.xib */ = {isa = PBXFileReference; lastKnownFileType = file.xib; path = HomeTableViewCell.xib; sourceTree = "<group>"; };
		1F2C24B42463A6C50089BF0C /* PostViewController.swift */ = {isa = PBXFileReference; lastKnownFileType = sourcecode.swift; path = PostViewController.swift; sourceTree = "<group>"; };
		1F2C24B52463A6C50089BF0C /* PostViewController.xib */ = {isa = PBXFileReference; lastKnownFileType = file.xib; path = PostViewController.xib; sourceTree = "<group>"; };
		1F2C24B82463A8DC0089BF0C /* PostMainView.swift */ = {isa = PBXFileReference; lastKnownFileType = sourcecode.swift; path = PostMainView.swift; sourceTree = "<group>"; };
		1F2C24B92463A8DC0089BF0C /* PostMainView.xib */ = {isa = PBXFileReference; lastKnownFileType = file.xib; path = PostMainView.xib; sourceTree = "<group>"; };
		1F2C24BD2463AD7D0089BF0C /* NewPostViewController.swift */ = {isa = PBXFileReference; lastKnownFileType = sourcecode.swift; path = NewPostViewController.swift; sourceTree = "<group>"; };
		1F2C24BE2463AD7D0089BF0C /* NewPostViewController.xib */ = {isa = PBXFileReference; lastKnownFileType = file.xib; path = NewPostViewController.xib; sourceTree = "<group>"; };
		1F2C24C12463C08E0089BF0C /* NewPostMainView.swift */ = {isa = PBXFileReference; lastKnownFileType = sourcecode.swift; path = NewPostMainView.swift; sourceTree = "<group>"; };
		1F2C24C22463C08E0089BF0C /* NewPostMainView.xib */ = {isa = PBXFileReference; lastKnownFileType = file.xib; path = NewPostMainView.xib; sourceTree = "<group>"; };
		38392E92EA5785D90CC1901C /* Pods-Instageam4.debug.xcconfig */ = {isa = PBXFileReference; includeInIndex = 1; lastKnownFileType = text.xcconfig; name = "Pods-Instageam4.debug.xcconfig"; path = "Target Support Files/Pods-Instageam4/Pods-Instageam4.debug.xcconfig"; sourceTree = "<group>"; };
		412B387E8ED95BBA0CFC51C3 /* Pods_Instageam4.framework */ = {isa = PBXFileReference; explicitFileType = wrapper.framework; includeInIndex = 0; path = Pods_Instageam4.framework; sourceTree = BUILT_PRODUCTS_DIR; };
		B69050D0A23E0EC1A4E3F644 /* Pods-Instageam4.release.xcconfig */ = {isa = PBXFileReference; includeInIndex = 1; lastKnownFileType = text.xcconfig; name = "Pods-Instageam4.release.xcconfig"; path = "Target Support Files/Pods-Instageam4/Pods-Instageam4.release.xcconfig"; sourceTree = "<group>"; };
/* End PBXFileReference section */

/* Begin PBXFrameworksBuildPhase section */
		1F2C248C24639B060089BF0C /* Frameworks */ = {
			isa = PBXFrameworksBuildPhase;
			buildActionMask = 2147483647;
			files = (
				2E9FF20E50A0E196F2C325CD /* Pods_Instageam4.framework in Frameworks */,
			);
			runOnlyForDeploymentPostprocessing = 0;
		};
/* End PBXFrameworksBuildPhase section */

/* Begin PBXGroup section */
		1F2C248624639B060089BF0C = {
			isa = PBXGroup;
			children = (
				1F2C249124639B060089BF0C /* Instageam4 */,
				1F2C249024639B060089BF0C /* Products */,
				43153F7168532E4B013FE4C8 /* Pods */,
				21E3B0997081DA3F353ECDE3 /* Frameworks */,
			);
			sourceTree = "<group>";
		};
		1F2C249024639B060089BF0C /* Products */ = {
			isa = PBXGroup;
			children = (
				1F2C248F24639B060089BF0C /* Instageam4.app */,
			);
			name = Products;
			sourceTree = "<group>";
		};
		1F2C249124639B060089BF0C /* Instageam4 */ = {
			isa = PBXGroup;
			children = (
				1F2C24BC2463AD5A0089BF0C /* NewPost */,
				1F2C24B32463A6AF0089BF0C /* Post */,
				1F2C24A624639B820089BF0C /* Home */,
				1F2C249224639B060089BF0C /* AppDelegate.swift */,
				1F2C249424639B060089BF0C /* SceneDelegate.swift */,
				1F2C249824639B060089BF0C /* Main.storyboard */,
				1F2C249B24639B0A0089BF0C /* Assets.xcassets */,
				1F2C249D24639B0A0089BF0C /* LaunchScreen.storyboard */,
				1F2C24A024639B0A0089BF0C /* Info.plist */,
			);
			path = Instageam4;
			sourceTree = "<group>";
		};
		1F2C24A624639B820089BF0C /* Home */ = {
			isa = PBXGroup;
			children = (
				1F2C24A724639B990089BF0C /* HomeViewController.swift */,
				1F2C24A824639B990089BF0C /* HomeViewController.xib */,
				1F2C24AB2463A16A0089BF0C /* HomeMainView.swift */,
				1F2C24AC2463A16A0089BF0C /* HomeMainView.xib */,
				1F2C24AF2463A1FA0089BF0C /* HomeTableViewCell.swift */,
				1F2C24B02463A1FA0089BF0C /* HomeTableViewCell.xib */,
			);
			path = Home;
			sourceTree = "<group>";
		};
		1F2C24B32463A6AF0089BF0C /* Post */ = {
			isa = PBXGroup;
			children = (
				1F2C24B42463A6C50089BF0C /* PostViewController.swift */,
				1F2C24B52463A6C50089BF0C /* PostViewController.xib */,
				1F2C24B82463A8DC0089BF0C /* PostMainView.swift */,
				1F2C24B92463A8DC0089BF0C /* PostMainView.xib */,
			);
			path = Post;
			sourceTree = "<group>";
		};
		1F2C24BC2463AD5A0089BF0C /* NewPost */ = {
			isa = PBXGroup;
			children = (
				1F2C24BD2463AD7D0089BF0C /* NewPostViewController.swift */,
				1F2C24BE2463AD7D0089BF0C /* NewPostViewController.xib */,
				1F2C24C12463C08E0089BF0C /* NewPostMainView.swift */,
				1F2C24C22463C08E0089BF0C /* NewPostMainView.xib */,
			);
			path = NewPost;
			sourceTree = "<group>";
		};
		21E3B0997081DA3F353ECDE3 /* Frameworks */ = {
			isa = PBXGroup;
			children = (
				412B387E8ED95BBA0CFC51C3 /* Pods_Instageam4.framework */,
			);
			name = Frameworks;
			sourceTree = "<group>";
		};
		43153F7168532E4B013FE4C8 /* Pods */ = {
			isa = PBXGroup;
			children = (
				38392E92EA5785D90CC1901C /* Pods-Instageam4.debug.xcconfig */,
				B69050D0A23E0EC1A4E3F644 /* Pods-Instageam4.release.xcconfig */,
			);
			path = Pods;
			sourceTree = "<group>";
		};
/* End PBXGroup section */

/* Begin PBXNativeTarget section */
		1F2C248E24639B060089BF0C /* Instageam4 */ = {
			isa = PBXNativeTarget;
			buildConfigurationList = 1F2C24A324639B0A0089BF0C /* Build configuration list for PBXNativeTarget "Instageam4" */;
			buildPhases = (
				DF4220F329693C95CF486A81 /* [CP] Check Pods Manifest.lock */,
				1F2C248B24639B060089BF0C /* Sources */,
				1F2C248C24639B060089BF0C /* Frameworks */,
				1F2C248D24639B060089BF0C /* Resources */,
				1A630E9F873F67C80834E998 /* [CP] Embed Pods Frameworks */,
			);
			buildRules = (
			);
			dependencies = (
			);
			name = Instageam4;
			productName = Instageam4;
			productReference = 1F2C248F24639B060089BF0C /* Instageam4.app */;
			productType = "com.apple.product-type.application";
		};
/* End PBXNativeTarget section */

/* Begin PBXProject section */
		1F2C248724639B060089BF0C /* Project object */ = {
			isa = PBXProject;
			attributes = {
				LastSwiftUpdateCheck = 1140;
				LastUpgradeCheck = 1140;
				ORGANIZATIONNAME = "ASW-研修２";
				TargetAttributes = {
					1F2C248E24639B060089BF0C = {
						CreatedOnToolsVersion = 11.4;
					};
				};
			};
			buildConfigurationList = 1F2C248A24639B060089BF0C /* Build configuration list for PBXProject "Instageam4" */;
			compatibilityVersion = "Xcode 9.3";
			developmentRegion = en;
			hasScannedForEncodings = 0;
			knownRegions = (
				en,
				Base,
			);
			mainGroup = 1F2C248624639B060089BF0C;
			productRefGroup = 1F2C249024639B060089BF0C /* Products */;
			projectDirPath = "";
			projectRoot = "";
			targets = (
				1F2C248E24639B060089BF0C /* Instageam4 */,
			);
		};
/* End PBXProject section */

/* Begin PBXResourcesBuildPhase section */
		1F2C248D24639B060089BF0C /* Resources */ = {
			isa = PBXResourcesBuildPhase;
			buildActionMask = 2147483647;
			files = (
				1F2C249F24639B0A0089BF0C /* LaunchScreen.storyboard in Resources */,
				1F2C24AE2463A16A0089BF0C /* HomeMainView.xib in Resources */,
				1F2C249C24639B0A0089BF0C /* Assets.xcassets in Resources */,
				1F2C249A24639B060089BF0C /* Main.storyboard in Resources */,
				1F2C24C02463AD7D0089BF0C /* NewPostViewController.xib in Resources */,
				1F2C24B22463A1FA0089BF0C /* HomeTableViewCell.xib in Resources */,
				1F2C24AA24639B990089BF0C /* HomeViewController.xib in Resources */,
				1F2C24B72463A6C50089BF0C /* PostViewController.xib in Resources */,
				1F2C24C42463C08E0089BF0C /* NewPostMainView.xib in Resources */,
				1F2C24BB2463A8DC0089BF0C /* PostMainView.xib in Resources */,
			);
			runOnlyForDeploymentPostprocessing = 0;
		};
/* End PBXResourcesBuildPhase section */

/* Begin PBXShellScriptBuildPhase section */
		1A630E9F873F67C80834E998 /* [CP] Embed Pods Frameworks */ = {
			isa = PBXShellScriptBuildPhase;
			buildActionMask = 2147483647;
			files = (
			);
			inputFileListPaths = (
				"${PODS_ROOT}/Target Support Files/Pods-Instageam4/Pods-Instageam4-frameworks-${CONFIGURATION}-input-files.xcfilelist",
			);
			name = "[CP] Embed Pods Frameworks";
			outputFileListPaths = (
				"${PODS_ROOT}/Target Support Files/Pods-Instageam4/Pods-Instageam4-frameworks-${CONFIGURATION}-output-files.xcfilelist",
			);
			runOnlyForDeploymentPostprocessing = 0;
			shellPath = /bin/sh;
			shellScript = "\"${PODS_ROOT}/Target Support Files/Pods-Instageam4/Pods-Instageam4-frameworks.sh\"\n";
			showEnvVarsInLog = 0;
		};
		DF4220F329693C95CF486A81 /* [CP] Check Pods Manifest.lock */ = {
			isa = PBXShellScriptBuildPhase;
			buildActionMask = 2147483647;
			files = (
			);
			inputFileListPaths = (
			);
			inputPaths = (
				"${PODS_PODFILE_DIR_PATH}/Podfile.lock",
				"${PODS_ROOT}/Manifest.lock",
			);
			name = "[CP] Check Pods Manifest.lock";
			outputFileListPaths = (
			);
			outputPaths = (
				"$(DERIVED_FILE_DIR)/Pods-Instageam4-checkManifestLockResult.txt",
			);
			runOnlyForDeploymentPostprocessing = 0;
			shellPath = /bin/sh;
			shellScript = "diff \"${PODS_PODFILE_DIR_PATH}/Podfile.lock\" \"${PODS_ROOT}/Manifest.lock\" > /dev/null\nif [ $? != 0 ] ; then\n    # print error to STDERR\n    echo \"error: The sandbox is not in sync with the Podfile.lock. Run 'pod install' or update your CocoaPods installation.\" >&2\n    exit 1\nfi\n# This output is used by Xcode 'outputs' to avoid re-running this script phase.\necho \"SUCCESS\" > \"${SCRIPT_OUTPUT_FILE_0}\"\n";
			showEnvVarsInLog = 0;
		};
/* End PBXShellScriptBuildPhase section */

/* Begin PBXSourcesBuildPhase section */
		1F2C248B24639B060089BF0C /* Sources */ = {
			isa = PBXSourcesBuildPhase;
			buildActionMask = 2147483647;
			files = (
				1F2C24B62463A6C50089BF0C /* PostViewController.swift in Sources */,
				1F2C249324639B060089BF0C /* AppDelegate.swift in Sources */,
				1F2C24B12463A1FA0089BF0C /* HomeTableViewCell.swift in Sources */,
				1F2C24BA2463A8DC0089BF0C /* PostMainView.swift in Sources */,
				1F2C249524639B060089BF0C /* SceneDelegate.swift in Sources */,
				1F2C24BF2463AD7D0089BF0C /* NewPostViewController.swift in Sources */,
				1F2C24C32463C08E0089BF0C /* NewPostMainView.swift in Sources */,
				1F2C24AD2463A16A0089BF0C /* HomeMainView.swift in Sources */,
				1F2C24A924639B990089BF0C /* HomeViewController.swift in Sources */,
			);
			runOnlyForDeploymentPostprocessing = 0;
		};
/* End PBXSourcesBuildPhase section */

/* Begin PBXVariantGroup section */
		1F2C249824639B060089BF0C /* Main.storyboard */ = {
			isa = PBXVariantGroup;
			children = (
				1F2C249924639B060089BF0C /* Base */,
			);
			name = Main.storyboard;
			sourceTree = "<group>";
		};
		1F2C249D24639B0A0089BF0C /* LaunchScreen.storyboard */ = {
			isa = PBXVariantGroup;
			children = (
				1F2C249E24639B0A0089BF0C /* Base */,
			);
			name = LaunchScreen.storyboard;
			sourceTree = "<group>";
		};
/* End PBXVariantGroup section */

/* Begin XCBuildConfiguration section */
		1F2C24A124639B0A0089BF0C /* Debug */ = {
			isa = XCBuildConfiguration;
			buildSettings = {
				ALWAYS_SEARCH_USER_PATHS = NO;
				CLANG_ANALYZER_NONNULL = YES;
				CLANG_ANALYZER_NUMBER_OBJECT_CONVERSION = YES_AGGRESSIVE;
				CLANG_CXX_LANGUAGE_STANDARD = "gnu++14";
				CLANG_CXX_LIBRARY = "libc++";
				CLANG_ENABLE_MODULES = YES;
				CLANG_ENABLE_OBJC_ARC = YES;
				CLANG_ENABLE_OBJC_WEAK = YES;
				CLANG_WARN_BLOCK_CAPTURE_AUTORELEASING = YES;
				CLANG_WARN_BOOL_CONVERSION = YES;
				CLANG_WARN_COMMA = YES;
				CLANG_WARN_CONSTANT_CONVERSION = YES;
				CLANG_WARN_DEPRECATED_OBJC_IMPLEMENTATIONS = YES;
				CLANG_WARN_DIRECT_OBJC_ISA_USAGE = YES_ERROR;
				CLANG_WARN_DOCUMENTATION_COMMENTS = YES;
				CLANG_WARN_EMPTY_BODY = YES;
				CLANG_WARN_ENUM_CONVERSION = YES;
				CLANG_WARN_INFINITE_RECURSION = YES;
				CLANG_WARN_INT_CONVERSION = YES;
				CLANG_WARN_NON_LITERAL_NULL_CONVERSION = YES;
				CLANG_WARN_OBJC_IMPLICIT_RETAIN_SELF = YES;
				CLANG_WARN_OBJC_LITERAL_CONVERSION = YES;
				CLANG_WARN_OBJC_ROOT_CLASS = YES_ERROR;
				CLANG_WARN_RANGE_LOOP_ANALYSIS = YES;
				CLANG_WARN_STRICT_PROTOTYPES = YES;
				CLANG_WARN_SUSPICIOUS_MOVE = YES;
				CLANG_WARN_UNGUARDED_AVAILABILITY = YES_AGGRESSIVE;
				CLANG_WARN_UNREACHABLE_CODE = YES;
				CLANG_WARN__DUPLICATE_METHOD_MATCH = YES;
				COPY_PHASE_STRIP = NO;
				DEBUG_INFORMATION_FORMAT = dwarf;
				ENABLE_STRICT_OBJC_MSGSEND = YES;
				ENABLE_TESTABILITY = YES;
				GCC_C_LANGUAGE_STANDARD = gnu11;
				GCC_DYNAMIC_NO_PIC = NO;
				GCC_NO_COMMON_BLOCKS = YES;
				GCC_OPTIMIZATION_LEVEL = 0;
				GCC_PREPROCESSOR_DEFINITIONS = (
					"DEBUG=1",
					"$(inherited)",
				);
				GCC_WARN_64_TO_32_BIT_CONVERSION = YES;
				GCC_WARN_ABOUT_RETURN_TYPE = YES_ERROR;
				GCC_WARN_UNDECLARED_SELECTOR = YES;
				GCC_WARN_UNINITIALIZED_AUTOS = YES_AGGRESSIVE;
				GCC_WARN_UNUSED_FUNCTION = YES;
				GCC_WARN_UNUSED_VARIABLE = YES;
				IPHONEOS_DEPLOYMENT_TARGET = 13.4;
				MTL_ENABLE_DEBUG_INFO = INCLUDE_SOURCE;
				MTL_FAST_MATH = YES;
				ONLY_ACTIVE_ARCH = YES;
				SDKROOT = iphoneos;
				SWIFT_ACTIVE_COMPILATION_CONDITIONS = DEBUG;
				SWIFT_OPTIMIZATION_LEVEL = "-Onone";
			};
			name = Debug;
		};
		1F2C24A224639B0A0089BF0C /* Release */ = {
			isa = XCBuildConfiguration;
			buildSettings = {
				ALWAYS_SEARCH_USER_PATHS = NO;
				CLANG_ANALYZER_NONNULL = YES;
				CLANG_ANALYZER_NUMBER_OBJECT_CONVERSION = YES_AGGRESSIVE;
				CLANG_CXX_LANGUAGE_STANDARD = "gnu++14";
				CLANG_CXX_LIBRARY = "libc++";
				CLANG_ENABLE_MODULES = YES;
				CLANG_ENABLE_OBJC_ARC = YES;
				CLANG_ENABLE_OBJC_WEAK = YES;
				CLANG_WARN_BLOCK_CAPTURE_AUTORELEASING = YES;
				CLANG_WARN_BOOL_CONVERSION = YES;
				CLANG_WARN_COMMA = YES;
				CLANG_WARN_CONSTANT_CONVERSION = YES;
				CLANG_WARN_DEPRECATED_OBJC_IMPLEMENTATIONS = YES;
				CLANG_WARN_DIRECT_OBJC_ISA_USAGE = YES_ERROR;
				CLANG_WARN_DOCUMENTATION_COMMENTS = YES;
				CLANG_WARN_EMPTY_BODY = YES;
				CLANG_WARN_ENUM_CONVERSION = YES;
				CLANG_WARN_INFINITE_RECURSION = YES;
				CLANG_WARN_INT_CONVERSION = YES;
				CLANG_WARN_NON_LITERAL_NULL_CONVERSION = YES;
				CLANG_WARN_OBJC_IMPLICIT_RETAIN_SELF = YES;
				CLANG_WARN_OBJC_LITERAL_CONVERSION = YES;
				CLANG_WARN_OBJC_ROOT_CLASS = YES_ERROR;
				CLANG_WARN_RANGE_LOOP_ANALYSIS = YES;
				CLANG_WARN_STRICT_PROTOTYPES = YES;
				CLANG_WARN_SUSPICIOUS_MOVE = YES;
				CLANG_WARN_UNGUARDED_AVAILABILITY = YES_AGGRESSIVE;
				CLANG_WARN_UNREACHABLE_CODE = YES;
				CLANG_WARN__DUPLICATE_METHOD_MATCH = YES;
				COPY_PHASE_STRIP = NO;
				DEBUG_INFORMATION_FORMAT = "dwarf-with-dsym";
				ENABLE_NS_ASSERTIONS = NO;
				ENABLE_STRICT_OBJC_MSGSEND = YES;
				GCC_C_LANGUAGE_STANDARD = gnu11;
				GCC_NO_COMMON_BLOCKS = YES;
				GCC_WARN_64_TO_32_BIT_CONVERSION = YES;
				GCC_WARN_ABOUT_RETURN_TYPE = YES_ERROR;
				GCC_WARN_UNDECLARED_SELECTOR = YES;
				GCC_WARN_UNINITIALIZED_AUTOS = YES_AGGRESSIVE;
				GCC_WARN_UNUSED_FUNCTION = YES;
				GCC_WARN_UNUSED_VARIABLE = YES;
				IPHONEOS_DEPLOYMENT_TARGET = 13.4;
				MTL_ENABLE_DEBUG_INFO = NO;
				MTL_FAST_MATH = YES;
				SDKROOT = iphoneos;
				SWIFT_COMPILATION_MODE = wholemodule;
				SWIFT_OPTIMIZATION_LEVEL = "-O";
				VALIDATE_PRODUCT = YES;
			};
			name = Release;
		};
		1F2C24A424639B0A0089BF0C /* Debug */ = {
			isa = XCBuildConfiguration;
			baseConfigurationReference = 38392E92EA5785D90CC1901C /* Pods-Instageam4.debug.xcconfig */;
			buildSettings = {
				ASSETCATALOG_COMPILER_APPICON_NAME = AppIcon;
				CODE_SIGN_STYLE = Automatic;
				DEVELOPMENT_TEAM = G6R5GT3H5J;
				INFOPLIST_FILE = Instageam4/Info.plist;
				LD_RUNPATH_SEARCH_PATHS = (
					"$(inherited)",
					"@executable_path/Frameworks",
				);
				PRODUCT_BUNDLE_IDENTIFIER = "ASW-inc.Instageam4";
				PRODUCT_NAME = "$(TARGET_NAME)";
				SWIFT_VERSION = 5.0;
				TARGETED_DEVICE_FAMILY = "1,2";
			};
			name = Debug;
		};
		1F2C24A524639B0A0089BF0C /* Release */ = {
			isa = XCBuildConfiguration;
			baseConfigurationReference = B69050D0A23E0EC1A4E3F644 /* Pods-Instageam4.release.xcconfig */;
			buildSettings = {
				ASSETCATALOG_COMPILER_APPICON_NAME = AppIcon;
				CODE_SIGN_STYLE = Automatic;
				DEVELOPMENT_TEAM = G6R5GT3H5J;
				INFOPLIST_FILE = Instageam4/Info.plist;
				LD_RUNPATH_SEARCH_PATHS = (
					"$(inherited)",
					"@executable_path/Frameworks",
				);
				PRODUCT_BUNDLE_IDENTIFIER = "ASW-inc.Instageam4";
				PRODUCT_NAME = "$(TARGET_NAME)";
				SWIFT_VERSION = 5.0;
				TARGETED_DEVICE_FAMILY = "1,2";
			};
			name = Release;
		};
/* End XCBuildConfiguration section */

/* Begin XCConfigurationList section */
		1F2C248A24639B060089BF0C /* Build configuration list for PBXProject "Instageam4" */ = {
			isa = XCConfigurationList;
			buildConfigurations = (
				1F2C24A124639B0A0089BF0C /* Debug */,
				1F2C24A224639B0A0089BF0C /* Release */,
			);
			defaultConfigurationIsVisible = 0;
			defaultConfigurationName = Release;
		};
		1F2C24A324639B0A0089BF0C /* Build configuration list for PBXNativeTarget "Instageam4" */ = {
			isa = XCConfigurationList;
			buildConfigurations = (
				1F2C24A424639B0A0089BF0C /* Debug */,
				1F2C24A524639B0A0089BF0C /* Release */,
			);
			defaultConfigurationIsVisible = 0;
			defaultConfigurationName = Release;
		};
/* End XCConfigurationList section */
	};
	rootObject = 1F2C248724639B060089BF0C /* Project object */;
}
